
Microsoft Visual Studio Solution File, Format Version 12.00
# Visual Studio Version 16
VisualStudioVersion = 16.0.28803.202
MinimumVisualStudioVersion = 10.0.40219.1
Project("{FAE04EC0-301F-11D3-BF4B-00C04F79EFBC}") = "BethanysPieShop", "BethanysPieShop\BethanysPieShop.csproj", "{E38DE33B-A247-4BA7-B066-4E2F6D8E7BB9}"
EndProject
Global
	GlobalSection(SolutionConfigurationPlatforms) = preSolution
		Debug|Any CPU = Debug|Any CPU
		Release|Any CPU = Release|Any CPU
	EndGlobalSection
	GlobalSection(ProjectConfigurationPlatforms) = postSolution
		{E38DE33B-A247-4BA7-B066-4E2F6D8E7BB9}.Debug|Any CPU.ActiveCfg = Debug|Any CPU
		{E38DE33B-A247-4BA7-B066-4E2F6D8E7BB9}.Debug|Any CPU.Build.0 = Debug|Any CPU
		{E38DE33B-A247-4BA7-B066-4E2F6D8E7BB9}.Release|Any CPU.ActiveCfg = Release|Any CPU
		{E38DE33B-A247-4BA7-B066-4E2F6D8E7BB9}.Release|Any CPU.Build.0 = Release|Any CPU
	EndGlobalSection
	GlobalSection(SolutionProperties) = preSolution
		HideSolutionNode = FALSE
	EndGlobalSection
	GlobalSection(ExtensibilityGlobals) = postSolution
		SolutionGuid = {665140BC-45B2-468C-8841-BF6B7E93D395}
	EndGlobalSection
EndGlobal
